
Microsoft Visual Studio Solution File, Format Version 12.00
# Visual Studio Version 17
VisualStudioVersion = 17.4.33213.308
MinimumVisualStudioVersion = 10.0.40219.1
Project("{FAE04EC0-301F-11D3-BF4B-00C04F79EFBC}") = "invoiceManager", "invoiceManager\invoiceManager.csproj", "{02DDCC4B-5DB6-4011-8B2D-B9B70D6004E6}"
EndProject
Global
	GlobalSection(SolutionConfigurationPlatforms) = preSolution
		Debug|Any CPU = Debug|Any CPU
		Release|Any CPU = Release|Any CPU
	EndGlobalSection
	GlobalSection(ProjectConfigurationPlatforms) = postSolution
		{02DDCC4B-5DB6-4011-8B2D-B9B70D6004E6}.Debug|Any CPU.ActiveCfg = Debug|Any CPU
		{02DDCC4B-5DB6-4011-8B2D-B9B70D6004E6}.Debug|Any CPU.Build.0 = Debug|Any CPU
		{02DDCC4B-5DB6-4011-8B2D-B9B70D6004E6}.Release|Any CPU.ActiveCfg = Release|Any CPU
		{02DDCC4B-5DB6-4011-8B2D-B9B70D6004E6}.Release|Any CPU.Build.0 = Release|Any CPU
	EndGlobalSection
	GlobalSection(SolutionProperties) = preSolution
		HideSolutionNode = FALSE
	EndGlobalSection
	GlobalSection(ExtensibilityGlobals) = postSolution
		SolutionGuid = {2D2DA555-7DCA-4D0E-A264-849A2C954925}
	EndGlobalSection
EndGlobal
